
Microsoft Visual Studio Solution File, Format Version 12.00
# Visual Studio Version 16
VisualStudioVersion = 16.0.31205.134
MinimumVisualStudioVersion = 10.0.40219.1
Project("{9A19103F-16F7-4668-BE54-9A1E7A4F7556}") = "FiguresCalc", "FiguresCalc\FiguresCalc.csproj", "{17F0D858-25D1-44C2-AE49-10B8E45D821B}"
EndProject
Project("{FAE04EC0-301F-11D3-BF4B-00C04F79EFBC}") = "FiguresTest", "FiguresTest\FiguresTest.csproj", "{95471DF4-C13F-4763-B041-D5BE926B415D}"
EndProject
Global
	GlobalSection(SolutionConfigurationPlatforms) = preSolution
		Debug|Any CPU = Debug|Any CPU
		Release|Any CPU = Release|Any CPU
	EndGlobalSection
	GlobalSection(ProjectConfigurationPlatforms) = postSolution
		{17F0D858-25D1-44C2-AE49-10B8E45D821B}.Debug|Any CPU.ActiveCfg = Debug|Any CPU
		{17F0D858-25D1-44C2-AE49-10B8E45D821B}.Debug|Any CPU.Build.0 = Debug|Any CPU
		{17F0D858-25D1-44C2-AE49-10B8E45D821B}.Release|Any CPU.ActiveCfg = Release|Any CPU
		{17F0D858-25D1-44C2-AE49-10B8E45D821B}.Release|Any CPU.Build.0 = Release|Any CPU
		{95471DF4-C13F-4763-B041-D5BE926B415D}.Debug|Any CPU.ActiveCfg = Debug|Any CPU
		{95471DF4-C13F-4763-B041-D5BE926B415D}.Debug|Any CPU.Build.0 = Debug|Any CPU
		{95471DF4-C13F-4763-B041-D5BE926B415D}.Release|Any CPU.ActiveCfg = Release|Any CPU
		{95471DF4-C13F-4763-B041-D5BE926B415D}.Release|Any CPU.Build.0 = Release|Any CPU
	EndGlobalSection
	GlobalSection(SolutionProperties) = preSolution
		HideSolutionNode = FALSE
	EndGlobalSection
	GlobalSection(ExtensibilityGlobals) = postSolution
		SolutionGuid = {F38234C6-D6F2-4FA7-A72E-B138FB704BA7}
	EndGlobalSection
EndGlobal
